
Microsoft Visual Studio Solution File, Format Version 12.00
# Visual Studio Version 16
VisualStudioVersion = 16.0.29519.87
MinimumVisualStudioVersion = 10.0.40219.1
Project("{FAE04EC0-301F-11D3-BF4B-00C04F79EFBC}") = "01. Unique Usernames", "01. Unique Usernames\01. Unique Usernames.csproj", "{4D9E99D7-13CA-4C65-8C1A-84CB2C3FAE39}"
EndProject
Global
	GlobalSection(SolutionConfigurationPlatforms) = preSolution
		Debug|Any CPU = Debug|Any CPU
		Release|Any CPU = Release|Any CPU
	EndGlobalSection
	GlobalSection(ProjectConfigurationPlatforms) = postSolution
		{4D9E99D7-13CA-4C65-8C1A-84CB2C3FAE39}.Debug|Any CPU.ActiveCfg = Debug|Any CPU
		{4D9E99D7-13CA-4C65-8C1A-84CB2C3FAE39}.Debug|Any CPU.Build.0 = Debug|Any CPU
		{4D9E99D7-13CA-4C65-8C1A-84CB2C3FAE39}.Release|Any CPU.ActiveCfg = Release|Any CPU
		{4D9E99D7-13CA-4C65-8C1A-84CB2C3FAE39}.Release|Any CPU.Build.0 = Release|Any CPU
	EndGlobalSection
	GlobalSection(SolutionProperties) = preSolution
		HideSolutionNode = FALSE
	EndGlobalSection
	GlobalSection(ExtensibilityGlobals) = postSolution
		SolutionGuid = {F5F2985F-6470-4FCA-84AE-8838E2089845}
	EndGlobalSection
EndGlobal
